
Microsoft Visual Studio Solution File, Format Version 11.00
# Visual Studio 2010
Project("{2150E333-8FDC-42A3-9474-1A3956D46DE8}") = "Solution Items", "Solution Items", "{DBFE06AC-9970-4B08-9C63-1DA5BABCDDDD}"
	ProjectSection(SolutionItems) = preProject
		.gitignore = .gitignore
		build.bat = build.bat
		goconfig.xml = goconfig.xml
		Local.testsettings = Local.testsettings
		msbuild.xml = msbuild.xml
		prep_Staging.sql = prep_Staging.sql
		ServiceApp2.vsmdi = ServiceApp2.vsmdi
		TraceAndTestImpact.testsettings = TraceAndTestImpact.testsettings
	EndProjectSection
EndProject
Project("{FAE04EC0-301F-11D3-BF4B-00C04F79EFBC}") = "WebApp", "WebApp\WebApp.csproj", "{C411865C-5B04-4C5B-96D9-4D8889A76B2F}"
EndProject
Project("{FAE04EC0-301F-11D3-BF4B-00C04F79EFBC}") = "WebApp.Tests", "WebApp.Tests\WebApp.Tests.csproj", "{1A5B0097-095D-4778-A32C-F9F6B8BF2F49}"
EndProject
Project("{FAE04EC0-301F-11D3-BF4B-00C04F79EFBC}") = "Service.Tests", "Service.Tests\Service.Tests.csproj", "{0287627E-C1C2-43E3-9526-00AD96B0EA2F}"
EndProject
Project("{FAE04EC0-301F-11D3-BF4B-00C04F79EFBC}") = "WebApp.Smoke.Test", "WebApp.Smoke.Test\WebApp.Smoke.Test.csproj", "{0A17B057-246B-4297-99B7-3CC88E40C402}"
EndProject
Project("{FAE04EC0-301F-11D3-BF4B-00C04F79EFBC}") = "Service", "Service\Service.csproj", "{06EE3712-6725-4BE1-BC07-03D52539D730}"
EndProject
Project("{FAE04EC0-301F-11D3-BF4B-00C04F79EFBC}") = "Database.Deploy", "Database.Deploy\Database.Deploy.csproj", "{94CF113D-BF55-4009-A7D5-9B56ED1A2CA8}"
EndProject
Project("{FAE04EC0-301F-11D3-BF4B-00C04F79EFBC}") = "Component-2", "Component-2\Component-2.csproj", "{2210B55F-F11C-4028-98DA-41595E9B2237}"
EndProject
Project("{FAE04EC0-301F-11D3-BF4B-00C04F79EFBC}") = "Component-2.Test", "Component-2.Test\Component-2.Test.csproj", "{D828DDD7-6093-4FF8-A552-D1C47CD32193}"
EndProject
Global
	GlobalSection(TeamFoundationVersionControl) = preSolution
		SccNumberOfProjects = 9
		SccEnterpriseProvider = {4CA58AB2-18FA-4F8D-95D4-32DDF27D184C}
		SccTeamFoundationServer = http://markrtfs.dyndns.org:8080/tfs/demo
		SccLocalPath0 = .
		SccProjectUniqueName1 = WebApp\\WebApp.csproj
		SccProjectName1 = WebApp
		SccLocalPath1 = WebApp
		SccProjectUniqueName2 = WebApp.Tests\\WebApp.Tests.csproj
		SccProjectName2 = WebApp.Tests
		SccLocalPath2 = WebApp.Tests
		SccProjectUniqueName3 = Service.Tests\\Service.Tests.csproj
		SccProjectName3 = Service.Tests
		SccLocalPath3 = Service.Tests
		SccProjectUniqueName4 = WebApp.Smoke.Test\\WebApp.Smoke.Test.csproj
		SccProjectName4 = WebApp.Smoke.Test
		SccLocalPath4 = WebApp.Smoke.Test
		SccProjectUniqueName5 = Service\\Service.csproj
		SccProjectName5 = Service
		SccLocalPath5 = Service
		SccProjectUniqueName6 = Database.Deploy\\Database.Deploy.csproj
		SccProjectName6 = Database.Deploy
		SccLocalPath6 = Database.Deploy
		SccProjectUniqueName7 = Component-2\\Component-2.csproj
		SccProjectName7 = Component-2
		SccLocalPath7 = Component-2
		SccProjectUniqueName8 = Component-2.Test\\Component-2.Test.csproj
		SccProjectName8 = Component-2.Test
		SccLocalPath8 = Component-2.Test
	EndGlobalSection
	GlobalSection(TestCaseManagementSettings) = postSolution
		CategoryFile = ServiceApp2.vsmdi
	EndGlobalSection
	GlobalSection(SolutionConfigurationPlatforms) = preSolution
		Component-2|Any CPU = Component-2|Any CPU
		Debug|Any CPU = Debug|Any CPU
		Release|Any CPU = Release|Any CPU
		Service|Any CPU = Service|Any CPU
		Website|Any CPU = Website|Any CPU
	EndGlobalSection
	GlobalSection(ProjectConfigurationPlatforms) = postSolution
		{C411865C-5B04-4C5B-96D9-4D8889A76B2F}.Component-2|Any CPU.ActiveCfg = Component-2|Any CPU
		{C411865C-5B04-4C5B-96D9-4D8889A76B2F}.Debug|Any CPU.ActiveCfg = Debug|Any CPU
		{C411865C-5B04-4C5B-96D9-4D8889A76B2F}.Debug|Any CPU.Build.0 = Debug|Any CPU
		{C411865C-5B04-4C5B-96D9-4D8889A76B2F}.Release|Any CPU.ActiveCfg = Release|Any CPU
		{C411865C-5B04-4C5B-96D9-4D8889A76B2F}.Release|Any CPU.Build.0 = Release|Any CPU
		{C411865C-5B04-4C5B-96D9-4D8889A76B2F}.Service|Any CPU.ActiveCfg = Service|Any CPU
		{C411865C-5B04-4C5B-96D9-4D8889A76B2F}.Website|Any CPU.ActiveCfg = Website|Any CPU
		{C411865C-5B04-4C5B-96D9-4D8889A76B2F}.Website|Any CPU.Build.0 = Website|Any CPU
		{1A5B0097-095D-4778-A32C-F9F6B8BF2F49}.Component-2|Any CPU.ActiveCfg = Component-2|Any CPU
		{1A5B0097-095D-4778-A32C-F9F6B8BF2F49}.Debug|Any CPU.ActiveCfg = Debug|Any CPU
		{1A5B0097-095D-4778-A32C-F9F6B8BF2F49}.Debug|Any CPU.Build.0 = Debug|Any CPU
		{1A5B0097-095D-4778-A32C-F9F6B8BF2F49}.Release|Any CPU.ActiveCfg = Release|Any CPU
		{1A5B0097-095D-4778-A32C-F9F6B8BF2F49}.Release|Any CPU.Build.0 = Release|Any CPU
		{1A5B0097-095D-4778-A32C-F9F6B8BF2F49}.Service|Any CPU.ActiveCfg = Service|Any CPU
		{1A5B0097-095D-4778-A32C-F9F6B8BF2F49}.Website|Any CPU.ActiveCfg = Website|Any CPU
		{1A5B0097-095D-4778-A32C-F9F6B8BF2F49}.Website|Any CPU.Build.0 = Website|Any CPU
		{0287627E-C1C2-43E3-9526-00AD96B0EA2F}.Component-2|Any CPU.ActiveCfg = Component-2|Any CPU
		{0287627E-C1C2-43E3-9526-00AD96B0EA2F}.Debug|Any CPU.ActiveCfg = Debug|Any CPU
		{0287627E-C1C2-43E3-9526-00AD96B0EA2F}.Debug|Any CPU.Build.0 = Debug|Any CPU
		{0287627E-C1C2-43E3-9526-00AD96B0EA2F}.Release|Any CPU.ActiveCfg = Release|Any CPU
		{0287627E-C1C2-43E3-9526-00AD96B0EA2F}.Release|Any CPU.Build.0 = Release|Any CPU
		{0287627E-C1C2-43E3-9526-00AD96B0EA2F}.Service|Any CPU.ActiveCfg = Service|Any CPU
		{0287627E-C1C2-43E3-9526-00AD96B0EA2F}.Service|Any CPU.Build.0 = Service|Any CPU
		{0287627E-C1C2-43E3-9526-00AD96B0EA2F}.Website|Any CPU.ActiveCfg = Website|Any CPU
		{0A17B057-246B-4297-99B7-3CC88E40C402}.Component-2|Any CPU.ActiveCfg = Component-2|Any CPU
		{0A17B057-246B-4297-99B7-3CC88E40C402}.Debug|Any CPU.ActiveCfg = Debug|Any CPU
		{0A17B057-246B-4297-99B7-3CC88E40C402}.Debug|Any CPU.Build.0 = Debug|Any CPU
		{0A17B057-246B-4297-99B7-3CC88E40C402}.Release|Any CPU.ActiveCfg = Release|Any CPU
		{0A17B057-246B-4297-99B7-3CC88E40C402}.Release|Any CPU.Build.0 = Release|Any CPU
		{0A17B057-246B-4297-99B7-3CC88E40C402}.Service|Any CPU.ActiveCfg = Service|Any CPU
		{0A17B057-246B-4297-99B7-3CC88E40C402}.Website|Any CPU.ActiveCfg = Website|Any CPU
		{0A17B057-246B-4297-99B7-3CC88E40C402}.Website|Any CPU.Build.0 = Website|Any CPU
		{06EE3712-6725-4BE1-BC07-03D52539D730}.Component-2|Any CPU.ActiveCfg = Component-2|Any CPU
		{06EE3712-6725-4BE1-BC07-03D52539D730}.Debug|Any CPU.ActiveCfg = Debug|Any CPU
		{06EE3712-6725-4BE1-BC07-03D52539D730}.Debug|Any CPU.Build.0 = Debug|Any CPU
		{06EE3712-6725-4BE1-BC07-03D52539D730}.Release|Any CPU.ActiveCfg = Release|Any CPU
		{06EE3712-6725-4BE1-BC07-03D52539D730}.Release|Any CPU.Build.0 = Release|Any CPU
		{06EE3712-6725-4BE1-BC07-03D52539D730}.Service|Any CPU.ActiveCfg = Service|Any CPU
		{06EE3712-6725-4BE1-BC07-03D52539D730}.Service|Any CPU.Build.0 = Service|Any CPU
		{06EE3712-6725-4BE1-BC07-03D52539D730}.Website|Any CPU.ActiveCfg = Website|Any CPU
		{94CF113D-BF55-4009-A7D5-9B56ED1A2CA8}.Component-2|Any CPU.ActiveCfg = Component-2|Any CPU
		{94CF113D-BF55-4009-A7D5-9B56ED1A2CA8}.Debug|Any CPU.ActiveCfg = Debug|Any CPU
		{94CF113D-BF55-4009-A7D5-9B56ED1A2CA8}.Debug|Any CPU.Build.0 = Debug|Any CPU
		{94CF113D-BF55-4009-A7D5-9B56ED1A2CA8}.Release|Any CPU.ActiveCfg = Release|Any CPU
		{94CF113D-BF55-4009-A7D5-9B56ED1A2CA8}.Release|Any CPU.Build.0 = Release|Any CPU
		{94CF113D-BF55-4009-A7D5-9B56ED1A2CA8}.Service|Any CPU.ActiveCfg = Service|Any CPU
		{94CF113D-BF55-4009-A7D5-9B56ED1A2CA8}.Website|Any CPU.ActiveCfg = Website|Any CPU
		{94CF113D-BF55-4009-A7D5-9B56ED1A2CA8}.Website|Any CPU.Build.0 = Website|Any CPU
		{2210B55F-F11C-4028-98DA-41595E9B2237}.Component-2|Any CPU.ActiveCfg = Component-2|Any CPU
		{2210B55F-F11C-4028-98DA-41595E9B2237}.Component-2|Any CPU.Build.0 = Component-2|Any CPU
		{2210B55F-F11C-4028-98DA-41595E9B2237}.Debug|Any CPU.ActiveCfg = Debug|Any CPU
		{2210B55F-F11C-4028-98DA-41595E9B2237}.Debug|Any CPU.Build.0 = Debug|Any CPU
		{2210B55F-F11C-4028-98DA-41595E9B2237}.Release|Any CPU.ActiveCfg = Release|Any CPU
		{2210B55F-F11C-4028-98DA-41595E9B2237}.Release|Any CPU.Build.0 = Release|Any CPU
		{2210B55F-F11C-4028-98DA-41595E9B2237}.Service|Any CPU.ActiveCfg = Service|Any CPU
		{2210B55F-F11C-4028-98DA-41595E9B2237}.Website|Any CPU.ActiveCfg = Website|Any CPU
		{D828DDD7-6093-4FF8-A552-D1C47CD32193}.Component-2|Any CPU.ActiveCfg = Component-2|Any CPU
		{D828DDD7-6093-4FF8-A552-D1C47CD32193}.Component-2|Any CPU.Build.0 = Component-2|Any CPU
		{D828DDD7-6093-4FF8-A552-D1C47CD32193}.Debug|Any CPU.ActiveCfg = Debug|Any CPU
		{D828DDD7-6093-4FF8-A552-D1C47CD32193}.Debug|Any CPU.Build.0 = Debug|Any CPU
		{D828DDD7-6093-4FF8-A552-D1C47CD32193}.Release|Any CPU.ActiveCfg = Release|Any CPU
		{D828DDD7-6093-4FF8-A552-D1C47CD32193}.Release|Any CPU.Build.0 = Release|Any CPU
		{D828DDD7-6093-4FF8-A552-D1C47CD32193}.Service|Any CPU.ActiveCfg = Service|Any CPU
		{D828DDD7-6093-4FF8-A552-D1C47CD32193}.Website|Any CPU.ActiveCfg = Website|Any CPU
	EndGlobalSection
	GlobalSection(SolutionProperties) = preSolution
		HideSolutionNode = FALSE
	EndGlobalSection
EndGlobal
