
Microsoft Visual Studio Solution File, Format Version 11.00
# Visual Studio 2010
Project("{FAE04EC0-301F-11D3-BF4B-00C04F79EFBC}") = "WebApp", "WebApp\WebApp.csproj", "{C411865C-5B04-4C5B-96D9-4D8889A76B2F}"
EndProject
Project("{FAE04EC0-301F-11D3-BF4B-00C04F79EFBC}") = "WebApp.Smoke.Test", "WebApp.Smoke.Test\WebApp.Smoke.Test.csproj", "{0A17B057-246B-4297-99B7-3CC88E40C402}"
EndProject
Project("{FAE04EC0-301F-11D3-BF4B-00C04F79EFBC}") = "WebApp.Tests", "WebApp.Tests\WebApp.Tests.csproj", "{1A5B0097-095D-4778-A32C-F9F6B8BF2F49}"
EndProject
Global
	GlobalSection(TeamFoundationVersionControl) = preSolution
		SccNumberOfProjects = 4
		SccEnterpriseProvider = {4CA58AB2-18FA-4F8D-95D4-32DDF27D184C}
		SccTeamFoundationServer = http://markrtfs.dyndns.org:8080/tfs/demo
		SccLocalPath0 = .
		SccProjectUniqueName1 = WebApp\\WebApp.csproj
		SccProjectName1 = WebApp
		SccLocalPath1 = WebApp
		SccProjectUniqueName2 = WebApp.Smoke.Test\\WebApp.Smoke.Test.csproj
		SccProjectName2 = WebApp.Smoke.Test
		SccLocalPath2 = WebApp.Smoke.Test
		SccProjectUniqueName3 = WebApp.Tests\\WebApp.Tests.csproj
		SccProjectName3 = WebApp.Tests
		SccLocalPath3 = WebApp.Tests
	EndGlobalSection
	GlobalSection(SolutionConfigurationPlatforms) = preSolution
		Component-2|Any CPU = Component-2|Any CPU
		Debug|Any CPU = Debug|Any CPU
		Release|Any CPU = Release|Any CPU
		Service|Any CPU = Service|Any CPU
		Website|Any CPU = Website|Any CPU
	EndGlobalSection
	GlobalSection(ProjectConfigurationPlatforms) = postSolution
		{C411865C-5B04-4C5B-96D9-4D8889A76B2F}.Component-2|Any CPU.ActiveCfg = Component-2|Any CPU
		{C411865C-5B04-4C5B-96D9-4D8889A76B2F}.Component-2|Any CPU.Build.0 = Component-2|Any CPU
		{C411865C-5B04-4C5B-96D9-4D8889A76B2F}.Debug|Any CPU.ActiveCfg = Debug|Any CPU
		{C411865C-5B04-4C5B-96D9-4D8889A76B2F}.Debug|Any CPU.Build.0 = Debug|Any CPU
		{C411865C-5B04-4C5B-96D9-4D8889A76B2F}.Release|Any CPU.ActiveCfg = Release|Any CPU
		{C411865C-5B04-4C5B-96D9-4D8889A76B2F}.Release|Any CPU.Build.0 = Release|Any CPU
		{C411865C-5B04-4C5B-96D9-4D8889A76B2F}.Service|Any CPU.ActiveCfg = Service|Any CPU
		{C411865C-5B04-4C5B-96D9-4D8889A76B2F}.Service|Any CPU.Build.0 = Service|Any CPU
		{C411865C-5B04-4C5B-96D9-4D8889A76B2F}.Website|Any CPU.ActiveCfg = Website|Any CPU
		{C411865C-5B04-4C5B-96D9-4D8889A76B2F}.Website|Any CPU.Build.0 = Website|Any CPU
		{0A17B057-246B-4297-99B7-3CC88E40C402}.Component-2|Any CPU.ActiveCfg = Component-2|Any CPU
		{0A17B057-246B-4297-99B7-3CC88E40C402}.Component-2|Any CPU.Build.0 = Component-2|Any CPU
		{0A17B057-246B-4297-99B7-3CC88E40C402}.Debug|Any CPU.ActiveCfg = Debug|Any CPU
		{0A17B057-246B-4297-99B7-3CC88E40C402}.Debug|Any CPU.Build.0 = Debug|Any CPU
		{0A17B057-246B-4297-99B7-3CC88E40C402}.Release|Any CPU.ActiveCfg = Release|Any CPU
		{0A17B057-246B-4297-99B7-3CC88E40C402}.Release|Any CPU.Build.0 = Release|Any CPU
		{0A17B057-246B-4297-99B7-3CC88E40C402}.Service|Any CPU.ActiveCfg = Service|Any CPU
		{0A17B057-246B-4297-99B7-3CC88E40C402}.Service|Any CPU.Build.0 = Service|Any CPU
		{0A17B057-246B-4297-99B7-3CC88E40C402}.Website|Any CPU.ActiveCfg = Website|Any CPU
		{0A17B057-246B-4297-99B7-3CC88E40C402}.Website|Any CPU.Build.0 = Website|Any CPU
		{1A5B0097-095D-4778-A32C-F9F6B8BF2F49}.Component-2|Any CPU.ActiveCfg = Component-2|Any CPU
		{1A5B0097-095D-4778-A32C-F9F6B8BF2F49}.Component-2|Any CPU.Build.0 = Component-2|Any CPU
		{1A5B0097-095D-4778-A32C-F9F6B8BF2F49}.Debug|Any CPU.ActiveCfg = Debug|Any CPU
		{1A5B0097-095D-4778-A32C-F9F6B8BF2F49}.Debug|Any CPU.Build.0 = Debug|Any CPU
		{1A5B0097-095D-4778-A32C-F9F6B8BF2F49}.Release|Any CPU.ActiveCfg = Release|Any CPU
		{1A5B0097-095D-4778-A32C-F9F6B8BF2F49}.Release|Any CPU.Build.0 = Release|Any CPU
		{1A5B0097-095D-4778-A32C-F9F6B8BF2F49}.Service|Any CPU.ActiveCfg = Service|Any CPU
		{1A5B0097-095D-4778-A32C-F9F6B8BF2F49}.Service|Any CPU.Build.0 = Service|Any CPU
		{1A5B0097-095D-4778-A32C-F9F6B8BF2F49}.Website|Any CPU.ActiveCfg = Website|Any CPU
		{1A5B0097-095D-4778-A32C-F9F6B8BF2F49}.Website|Any CPU.Build.0 = Website|Any CPU
	EndGlobalSection
	GlobalSection(SolutionProperties) = preSolution
		HideSolutionNode = FALSE
	EndGlobalSection
EndGlobal
